
Microsoft Visual Studio Solution File, Format Version 12.00
# Visual Studio 14
VisualStudioVersion = 14.0.25420.1
MinimumVisualStudioVersion = 10.0.40219.1
Project("{FAE04EC0-301F-11D3-BF4B-00C04F79EFBC}") = "MemberArea", "MemberArea\MemberArea.csproj", "{78E8D9C4-8246-41DE-A1B4-CD565D0653EF}"
EndProject
Project("{2150E333-8FDC-42A3-9474-1A3956D46DE8}") = "Core", "Core", "{0375A9B0-8A2D-4D8C-BA20-C70CD4928BCD}"
EndProject
Project("{2150E333-8FDC-42A3-9474-1A3956D46DE8}") = "Tests", "Tests", "{FDC9DC89-DCF6-4296-87A5-DE762A0D4A33}"
EndProject
Project("{2150E333-8FDC-42A3-9474-1A3956D46DE8}") = "Modules", "Modules", "{F4D7336F-A3CE-4903-ABD7-FFE2DCD4A7CA}"
EndProject
Project("{FAE04EC0-301F-11D3-BF4B-00C04F79EFBC}") = "MemberArea.Core.Db", "MemberArea.Core.Db\MemberArea.Core.Db.csproj", "{D95DB469-B9EC-4F69-BEF2-673BA91226BC}"
EndProject
Global
	GlobalSection(SolutionConfigurationPlatforms) = preSolution
		Debug|Any CPU = Debug|Any CPU
		Release|Any CPU = Release|Any CPU
	EndGlobalSection
	GlobalSection(ProjectConfigurationPlatforms) = postSolution
		{78E8D9C4-8246-41DE-A1B4-CD565D0653EF}.Debug|Any CPU.ActiveCfg = Debug|Any CPU
		{78E8D9C4-8246-41DE-A1B4-CD565D0653EF}.Debug|Any CPU.Build.0 = Debug|Any CPU
		{78E8D9C4-8246-41DE-A1B4-CD565D0653EF}.Release|Any CPU.ActiveCfg = Release|Any CPU
		{78E8D9C4-8246-41DE-A1B4-CD565D0653EF}.Release|Any CPU.Build.0 = Release|Any CPU
		{D95DB469-B9EC-4F69-BEF2-673BA91226BC}.Debug|Any CPU.ActiveCfg = Debug|Any CPU
		{D95DB469-B9EC-4F69-BEF2-673BA91226BC}.Debug|Any CPU.Build.0 = Debug|Any CPU
		{D95DB469-B9EC-4F69-BEF2-673BA91226BC}.Release|Any CPU.ActiveCfg = Release|Any CPU
		{D95DB469-B9EC-4F69-BEF2-673BA91226BC}.Release|Any CPU.Build.0 = Release|Any CPU
	EndGlobalSection
	GlobalSection(SolutionProperties) = preSolution
		HideSolutionNode = FALSE
	EndGlobalSection
	GlobalSection(NestedProjects) = preSolution
		{D95DB469-B9EC-4F69-BEF2-673BA91226BC} = {0375A9B0-8A2D-4D8C-BA20-C70CD4928BCD}
	EndGlobalSection
EndGlobal
